
Microsoft Visual Studio Solution File, Format Version 12.00
# Visual Studio Version 17
VisualStudioVersion = 17.14.36301.6
MinimumVisualStudioVersion = 10.0.40219.1
Project("{FAE04EC0-301F-11D3-BF4B-00C04F79EFBC}") = "ProjectManager.WebApi", "ProjectManager.WebApi\ProjectManager.WebApi.csproj", "{837F7A41-148B-4A44-ADAC-123D376E7AC5}"
EndProject
Project("{FAE04EC0-301F-11D3-BF4B-00C04F79EFBC}") = "ProjectManager.Application", "ProjectManager.Application\ProjectManager.Application.csproj", "{5668F066-3F35-4991-8B3E-38457E8DF718}"
EndProject
Project("{FAE04EC0-301F-11D3-BF4B-00C04F79EFBC}") = "ProjectManager.Utils", "ProjectManager.Utils\ProjectManager.Utils.csproj", "{9B56F7AF-C74B-412F-9273-F16588D5562B}"
EndProject
Project("{FAE04EC0-301F-11D3-BF4B-00C04F79EFBC}") = "ProjectManager.Domain", "ProjectManager.Domain\ProjectManager.Domain.csproj", "{F4AE4442-D468-49C4-8684-9E316CEA829B}"
EndProject
Project("{FAE04EC0-301F-11D3-BF4B-00C04F79EFBC}") = "ProjectManager.Worker", "ProjectManager.Worker\ProjectManager.Worker.csproj", "{019E794E-604D-46EB-BBD2-19A66DE652D7}"
EndProject
Global
	GlobalSection(SolutionConfigurationPlatforms) = preSolution
		Debug|Any CPU = Debug|Any CPU
		Release|Any CPU = Release|Any CPU
	EndGlobalSection
	GlobalSection(ProjectConfigurationPlatforms) = postSolution
		{837F7A41-148B-4A44-ADAC-123D376E7AC5}.Debug|Any CPU.ActiveCfg = Debug|Any CPU
		{837F7A41-148B-4A44-ADAC-123D376E7AC5}.Debug|Any CPU.Build.0 = Debug|Any CPU
		{837F7A41-148B-4A44-ADAC-123D376E7AC5}.Release|Any CPU.ActiveCfg = Release|Any CPU
		{837F7A41-148B-4A44-ADAC-123D376E7AC5}.Release|Any CPU.Build.0 = Release|Any CPU
		{5668F066-3F35-4991-8B3E-38457E8DF718}.Debug|Any CPU.ActiveCfg = Debug|Any CPU
		{5668F066-3F35-4991-8B3E-38457E8DF718}.Debug|Any CPU.Build.0 = Debug|Any CPU
		{5668F066-3F35-4991-8B3E-38457E8DF718}.Release|Any CPU.ActiveCfg = Release|Any CPU
		{5668F066-3F35-4991-8B3E-38457E8DF718}.Release|Any CPU.Build.0 = Release|Any CPU
		{9B56F7AF-C74B-412F-9273-F16588D5562B}.Debug|Any CPU.ActiveCfg = Debug|Any CPU
		{9B56F7AF-C74B-412F-9273-F16588D5562B}.Debug|Any CPU.Build.0 = Debug|Any CPU
		{9B56F7AF-C74B-412F-9273-F16588D5562B}.Release|Any CPU.ActiveCfg = Release|Any CPU
		{9B56F7AF-C74B-412F-9273-F16588D5562B}.Release|Any CPU.Build.0 = Release|Any CPU
		{F4AE4442-D468-49C4-8684-9E316CEA829B}.Debug|Any CPU.ActiveCfg = Debug|Any CPU
		{F4AE4442-D468-49C4-8684-9E316CEA829B}.Debug|Any CPU.Build.0 = Debug|Any CPU
		{F4AE4442-D468-49C4-8684-9E316CEA829B}.Release|Any CPU.ActiveCfg = Release|Any CPU
		{F4AE4442-D468-49C4-8684-9E316CEA829B}.Release|Any CPU.Build.0 = Release|Any CPU
		{019E794E-604D-46EB-BBD2-19A66DE652D7}.Debug|Any CPU.ActiveCfg = Debug|Any CPU
		{019E794E-604D-46EB-BBD2-19A66DE652D7}.Debug|Any CPU.Build.0 = Debug|Any CPU
		{019E794E-604D-46EB-BBD2-19A66DE652D7}.Release|Any CPU.ActiveCfg = Release|Any CPU
		{019E794E-604D-46EB-BBD2-19A66DE652D7}.Release|Any CPU.Build.0 = Release|Any CPU
	EndGlobalSection
	GlobalSection(SolutionProperties) = preSolution
		HideSolutionNode = FALSE
	EndGlobalSection
	GlobalSection(ExtensibilityGlobals) = postSolution
		SolutionGuid = {E2CE79A8-4B0F-45AA-A43A-16C8A1FB1623}
	EndGlobalSection
EndGlobal
