
Microsoft Visual Studio Solution File, Format Version 12.00
# Visual Studio Version 17
VisualStudioVersion = 17.14.36301.6 d17.14
MinimumVisualStudioVersion = 10.0.40219.1
Project("{FAE04EC0-301F-11D3-BF4B-00C04F79EFBC}") = "ProjectManager.WebApi", "ProjectManager.WebApi\ProjectManager.WebApi.csproj", "{837F7A41-148B-4A44-ADAC-123D376E7AC5}"
EndProject
Global
	GlobalSection(SolutionConfigurationPlatforms) = preSolution
		Debug|Any CPU = Debug|Any CPU
		Release|Any CPU = Release|Any CPU
	EndGlobalSection
	GlobalSection(ProjectConfigurationPlatforms) = postSolution
		{837F7A41-148B-4A44-ADAC-123D376E7AC5}.Debug|Any CPU.ActiveCfg = Debug|Any CPU
		{837F7A41-148B-4A44-ADAC-123D376E7AC5}.Debug|Any CPU.Build.0 = Debug|Any CPU
		{837F7A41-148B-4A44-ADAC-123D376E7AC5}.Release|Any CPU.ActiveCfg = Release|Any CPU
		{837F7A41-148B-4A44-ADAC-123D376E7AC5}.Release|Any CPU.Build.0 = Release|Any CPU
	EndGlobalSection
	GlobalSection(SolutionProperties) = preSolution
		HideSolutionNode = FALSE
	EndGlobalSection
	GlobalSection(ExtensibilityGlobals) = postSolution
		SolutionGuid = {E2CE79A8-4B0F-45AA-A43A-16C8A1FB1623}
	EndGlobalSection
EndGlobal
